
Microsoft Visual Studio Solution File, Format Version 12.00
# Visual Studio 15
VisualStudioVersion = 15.0.28307.1401
MinimumVisualStudioVersion = 10.0.40219.1
Project("{FAE04EC0-301F-11D3-BF4B-00C04F79EFBC}") = "CSF2Homework", "CSF2Homework.csproj", "{C23263A2-4CE3-44BB-B076-EF9315695038}"
EndProject
Project("{FAE04EC0-301F-11D3-BF4B-00C04F79EFBC}") = "TesterProgram", "..\TesterProgram\TesterProgram.csproj", "{BC992A8D-CDB1-49AE-A8AB-5787C29923A0}"
EndProject
Project("{FAE04EC0-301F-11D3-BF4B-00C04F79EFBC}") = "ClassesLibrary", "ClassesLibrary\ClassesLibrary.csproj", "{A4C93377-F9A9-4DA9-9849-7C4E7B356630}"
EndProject
Global
	GlobalSection(SolutionConfigurationPlatforms) = preSolution
		Debug|Any CPU = Debug|Any CPU
		Release|Any CPU = Release|Any CPU
	EndGlobalSection
	GlobalSection(ProjectConfigurationPlatforms) = postSolution
		{C23263A2-4CE3-44BB-B076-EF9315695038}.Debug|Any CPU.ActiveCfg = Debug|Any CPU
		{C23263A2-4CE3-44BB-B076-EF9315695038}.Debug|Any CPU.Build.0 = Debug|Any CPU
		{C23263A2-4CE3-44BB-B076-EF9315695038}.Release|Any CPU.ActiveCfg = Release|Any CPU
		{C23263A2-4CE3-44BB-B076-EF9315695038}.Release|Any CPU.Build.0 = Release|Any CPU
		{BC992A8D-CDB1-49AE-A8AB-5787C29923A0}.Debug|Any CPU.ActiveCfg = Debug|Any CPU
		{BC992A8D-CDB1-49AE-A8AB-5787C29923A0}.Debug|Any CPU.Build.0 = Debug|Any CPU
		{BC992A8D-CDB1-49AE-A8AB-5787C29923A0}.Release|Any CPU.ActiveCfg = Release|Any CPU
		{BC992A8D-CDB1-49AE-A8AB-5787C29923A0}.Release|Any CPU.Build.0 = Release|Any CPU
		{A4C93377-F9A9-4DA9-9849-7C4E7B356630}.Debug|Any CPU.ActiveCfg = Debug|Any CPU
		{A4C93377-F9A9-4DA9-9849-7C4E7B356630}.Debug|Any CPU.Build.0 = Debug|Any CPU
		{A4C93377-F9A9-4DA9-9849-7C4E7B356630}.Release|Any CPU.ActiveCfg = Release|Any CPU
		{A4C93377-F9A9-4DA9-9849-7C4E7B356630}.Release|Any CPU.Build.0 = Release|Any CPU
	EndGlobalSection
	GlobalSection(SolutionProperties) = preSolution
		HideSolutionNode = FALSE
	EndGlobalSection
	GlobalSection(ExtensibilityGlobals) = postSolution
		SolutionGuid = {28B05801-7917-4338-815B-0E5C2055F6A4}
	EndGlobalSection
EndGlobal
